
Microsoft Visual Studio Solution File, Format Version 12.00
# Visual Studio Version 16
VisualStudioVersion = 16.0.30011.22
MinimumVisualStudioVersion = 10.0.40219.1
Project("{FAE04EC0-301F-11D3-BF4B-00C04F79EFBC}") = "Bll", "Bll\Bll.csproj", "{5B1E4EFF-838A-4A5D-A865-833930C614CE}"
EndProject
Project("{2150E333-8FDC-42A3-9474-1A3956D46DE8}") = "Apps", "Apps", "{16F7E9EF-9097-4352-B3F7-F6FA6E55FCB2}"
EndProject
Project("{FAE04EC0-301F-11D3-BF4B-00C04F79EFBC}") = "WpfVersionCC", "Apps\WPFVersionCC\WpfVersionCC.csproj", "{F41FA802-1B44-41D0-A01A-602604AD71F0}"
EndProject
Project("{2150E333-8FDC-42A3-9474-1A3956D46DE8}") = "Model", "Model", "{91599E79-2F97-4222-9CBD-25D0667BBF2C}"
EndProject
Project("{FAE04EC0-301F-11D3-BF4B-00C04F79EFBC}") = "ValueConverterModel", "ValueConverterModel\ValueConverterModel.csproj", "{6DBA95E1-6829-4C89-97D3-C520A610E5A6}"
EndProject
Global
	GlobalSection(SolutionConfigurationPlatforms) = preSolution
		Debug|Any CPU = Debug|Any CPU
		Release|Any CPU = Release|Any CPU
	EndGlobalSection
	GlobalSection(ProjectConfigurationPlatforms) = postSolution
		{5B1E4EFF-838A-4A5D-A865-833930C614CE}.Debug|Any CPU.ActiveCfg = Debug|Any CPU
		{5B1E4EFF-838A-4A5D-A865-833930C614CE}.Debug|Any CPU.Build.0 = Debug|Any CPU
		{5B1E4EFF-838A-4A5D-A865-833930C614CE}.Release|Any CPU.ActiveCfg = Release|Any CPU
		{5B1E4EFF-838A-4A5D-A865-833930C614CE}.Release|Any CPU.Build.0 = Release|Any CPU
		{F41FA802-1B44-41D0-A01A-602604AD71F0}.Debug|Any CPU.ActiveCfg = Debug|Any CPU
		{F41FA802-1B44-41D0-A01A-602604AD71F0}.Debug|Any CPU.Build.0 = Debug|Any CPU
		{F41FA802-1B44-41D0-A01A-602604AD71F0}.Release|Any CPU.ActiveCfg = Release|Any CPU
		{F41FA802-1B44-41D0-A01A-602604AD71F0}.Release|Any CPU.Build.0 = Release|Any CPU
		{6DBA95E1-6829-4C89-97D3-C520A610E5A6}.Debug|Any CPU.ActiveCfg = Debug|Any CPU
		{6DBA95E1-6829-4C89-97D3-C520A610E5A6}.Debug|Any CPU.Build.0 = Debug|Any CPU
		{6DBA95E1-6829-4C89-97D3-C520A610E5A6}.Release|Any CPU.ActiveCfg = Release|Any CPU
		{6DBA95E1-6829-4C89-97D3-C520A610E5A6}.Release|Any CPU.Build.0 = Release|Any CPU
	EndGlobalSection
	GlobalSection(SolutionProperties) = preSolution
		HideSolutionNode = FALSE
	EndGlobalSection
	GlobalSection(NestedProjects) = preSolution
		{F41FA802-1B44-41D0-A01A-602604AD71F0} = {16F7E9EF-9097-4352-B3F7-F6FA6E55FCB2}
		{6DBA95E1-6829-4C89-97D3-C520A610E5A6} = {91599E79-2F97-4222-9CBD-25D0667BBF2C}
	EndGlobalSection
	GlobalSection(ExtensibilityGlobals) = postSolution
		SolutionGuid = {D7F95D4E-A079-45B6-A535-4EC20DDBCCDD}
	EndGlobalSection
EndGlobal
